// !$*UTF8*$!
{
	archiveVersion = 1;
	classes = {
	};
	objectVersion = 55;
	objects = {

/* Begin PBXBuildFile section */
		AAB750AB27FC6EF8003B7A60 /* landmarkData.json in Resources */ = {isa = PBXBuildFile; fileRef = AAB750AA27FC6EF8003B7A60 /* landmarkData.json */; };
		AAB750AD27FC6F31003B7A60 /* Landmark.swift in Sources */ = {isa = PBXBuildFile; fileRef = AAB750AC27FC6F31003B7A60 /* Landmark.swift */; };
		AAB750AF27FC7048003B7A60 /* ModelData.swift in Sources */ = {isa = PBXBuildFile; fileRef = AAB750AE27FC7048003B7A60 /* ModelData.swift */; };
		AAB750B427FC712E003B7A60 /* LandmarkRow.swift in Sources */ = {isa = PBXBuildFile; fileRef = AAB750B327FC712E003B7A60 /* LandmarkRow.swift */; };
		AAB750B627FC72C4003B7A60 /* LandmarkList.swift in Sources */ = {isa = PBXBuildFile; fileRef = AAB750B527FC72C4003B7A60 /* LandmarkList.swift */; };
		AAB750B827FC73C9003B7A60 /* LandmarkDetail.swift in Sources */ = {isa = PBXBuildFile; fileRef = AAB750B727FC73C9003B7A60 /* LandmarkDetail.swift */; };
		AAB750BA27FC7FA6003B7A60 /* FavoriteButton.swift in Sources */ = {isa = PBXBuildFile; fileRef = AAB750B927FC7FA6003B7A60 /* FavoriteButton.swift */; };
		AAFBAC4A27FC61E200158790 /* LandmarksApp.swift in Sources */ = {isa = PBXBuildFile; fileRef = AAFBAC4927FC61E200158790 /* LandmarksApp.swift */; };
		AAFBAC4C27FC61E200158790 /* ContentView.swift in Sources */ = {isa = PBXBuildFile; fileRef = AAFBAC4B27FC61E200158790 /* ContentView.swift */; };
		AAFBAC4E27FC61E300158790 /* Assets.xcassets in Resources */ = {isa = PBXBuildFile; fileRef = AAFBAC4D27FC61E300158790 /* Assets.xcassets */; };
		AAFBAC5127FC61E300158790 /* Preview Assets.xcassets in Resources */ = {isa = PBXBuildFile; fileRef = AAFBAC5027FC61E300158790 /* Preview Assets.xcassets */; };
		AAFBAC5827FC652B00158790 /* CircleImage.swift in Sources */ = {isa = PBXBuildFile; fileRef = AAFBAC5727FC652B00158790 /* CircleImage.swift */; };
		AAFBAC5A27FC65FF00158790 /* MapView.swift in Sources */ = {isa = PBXBuildFile; fileRef = AAFBAC5927FC65FF00158790 /* MapView.swift */; };
/* End PBXBuildFile section */

/* Begin PBXFileReference section */
		AAB750AA27FC6EF8003B7A60 /* landmarkData.json */ = {isa = PBXFileReference; fileEncoding = 4; lastKnownFileType = text.json; path = landmarkData.json; sourceTree = "<group>"; };
		AAB750AC27FC6F31003B7A60 /* Landmark.swift */ = {isa = PBXFileReference; lastKnownFileType = sourcecode.swift; path = Landmark.swift; sourceTree = "<group>"; };
		AAB750AE27FC7048003B7A60 /* ModelData.swift */ = {isa = PBXFileReference; lastKnownFileType = sourcecode.swift; path = ModelData.swift; sourceTree = "<group>"; };
		AAB750B327FC712E003B7A60 /* LandmarkRow.swift */ = {isa = PBXFileReference; lastKnownFileType = sourcecode.swift; path = LandmarkRow.swift; sourceTree = "<group>"; };
		AAB750B527FC72C4003B7A60 /* LandmarkList.swift */ = {isa = PBXFileReference; lastKnownFileType = sourcecode.swift; path = LandmarkList.swift; sourceTree = "<group>"; };
		AAB750B727FC73C9003B7A60 /* LandmarkDetail.swift */ = {isa = PBXFileReference; lastKnownFileType = sourcecode.swift; path = LandmarkDetail.swift; sourceTree = "<group>"; };
		AAB750B927FC7FA6003B7A60 /* FavoriteButton.swift */ = {isa = PBXFileReference; lastKnownFileType = sourcecode.swift; path = FavoriteButton.swift; sourceTree = "<group>"; };
		AAFBAC4627FC61E200158790 /* Landmarks.app */ = {isa = PBXFileReference; explicitFileType = wrapper.application; includeInIndex = 0; path = Landmarks.app; sourceTree = BUILT_PRODUCTS_DIR; };
		AAFBAC4927FC61E200158790 /* LandmarksApp.swift */ = {isa = PBXFileReference; lastKnownFileType = sourcecode.swift; path = LandmarksApp.swift; sourceTree = "<group>"; };
		AAFBAC4B27FC61E200158790 /* ContentView.swift */ = {isa = PBXFileReference; lastKnownFileType = sourcecode.swift; path = ContentView.swift; sourceTree = "<group>"; };
		AAFBAC4D27FC61E300158790 /* Assets.xcassets */ = {isa = PBXFileReference; lastKnownFileType = folder.assetcatalog; path = Assets.xcassets; sourceTree = "<group>"; };
		AAFBAC5027FC61E300158790 /* Preview Assets.xcassets */ = {isa = PBXFileReference; lastKnownFileType = folder.assetcatalog; path = "Preview Assets.xcassets"; sourceTree = "<group>"; };
		AAFBAC5727FC652B00158790 /* CircleImage.swift */ = {isa = PBXFileReference; lastKnownFileType = sourcecode.swift; path = CircleImage.swift; sourceTree = "<group>"; };
		AAFBAC5927FC65FF00158790 /* MapView.swift */ = {isa = PBXFileReference; lastKnownFileType = sourcecode.swift; path = MapView.swift; sourceTree = "<group>"; };
/* End PBXFileReference section */

/* Begin PBXFrameworksBuildPhase section */
		AAFBAC4327FC61E200158790 /* Frameworks */ = {
			isa = PBXFrameworksBuildPhase;
			buildActionMask = 2147483647;
			files = (
			);
			runOnlyForDeploymentPostprocessing = 0;
		};
/* End PBXFrameworksBuildPhase section */

/* Begin PBXGroup section */
		AAB750B027FC7096003B7A60 /* Views */ = {
			isa = PBXGroup;
			children = (
				AAB750BC27FC8038003B7A60 /* Helpers */,
				AAB750BB27FC8029003B7A60 /* Landmarks */,
				AAFBAC4B27FC61E200158790 /* ContentView.swift */,
			);
			path = Views;
			sourceTree = "<group>";
		};
		AAB750B127FC70B1003B7A60 /* Model */ = {
			isa = PBXGroup;
			children = (
				AAB750AC27FC6F31003B7A60 /* Landmark.swift */,
				AAB750AE27FC7048003B7A60 /* ModelData.swift */,
			);
			path = Model;
			sourceTree = "<group>";
		};
		AAB750B227FC70D5003B7A60 /* Resources */ = {
			isa = PBXGroup;
			children = (
				AAB750AA27FC6EF8003B7A60 /* landmarkData.json */,
			);
			path = Resources;
			sourceTree = "<group>";
		};
		AAB750BB27FC8029003B7A60 /* Landmarks */ = {
			isa = PBXGroup;
			children = (
				AAB750B327FC712E003B7A60 /* LandmarkRow.swift */,
				AAB750B527FC72C4003B7A60 /* LandmarkList.swift */,
				AAB750B727FC73C9003B7A60 /* LandmarkDetail.swift */,
			);
			path = Landmarks;
			sourceTree = "<group>";
		};
		AAB750BC27FC8038003B7A60 /* Helpers */ = {
			isa = PBXGroup;
			children = (
				AAFBAC5927FC65FF00158790 /* MapView.swift */,
				AAFBAC5727FC652B00158790 /* CircleImage.swift */,
				AAB750B927FC7FA6003B7A60 /* FavoriteButton.swift */,
			);
			path = Helpers;
			sourceTree = "<group>";
		};
		AAFBAC3D27FC61E200158790 = {
			isa = PBXGroup;
			children = (
				AAFBAC4827FC61E200158790 /* Landmarks */,
				AAFBAC4727FC61E200158790 /* Products */,
			);
			sourceTree = "<group>";
		};
		AAFBAC4727FC61E200158790 /* Products */ = {
			isa = PBXGroup;
			children = (
				AAFBAC4627FC61E200158790 /* Landmarks.app */,
			);
			name = Products;
			sourceTree = "<group>";
		};
		AAFBAC4827FC61E200158790 /* Landmarks */ = {
			isa = PBXGroup;
			children = (
				AAFBAC4927FC61E200158790 /* LandmarksApp.swift */,
				AAFBAC4D27FC61E300158790 /* Assets.xcassets */,
				AAB750B027FC7096003B7A60 /* Views */,
				AAB750B127FC70B1003B7A60 /* Model */,
				AAB750B227FC70D5003B7A60 /* Resources */,
				AAFBAC4F27FC61E300158790 /* Preview Content */,
			);
			path = Landmarks;
			sourceTree = "<group>";
		};
		AAFBAC4F27FC61E300158790 /* Preview Content */ = {
			isa = PBXGroup;
			children = (
				AAFBAC5027FC61E300158790 /* Preview Assets.xcassets */,
			);
			path = "Preview Content";
			sourceTree = "<group>";
		};
/* End PBXGroup section */

/* Begin PBXNativeTarget section */
		AAFBAC4527FC61E200158790 /* Landmarks */ = {
			isa = PBXNativeTarget;
			buildConfigurationList = AAFBAC5427FC61E300158790 /* Build configuration list for PBXNativeTarget "Landmarks" */;
			buildPhases = (
				AAFBAC4227FC61E200158790 /* Sources */,
				AAFBAC4327FC61E200158790 /* Frameworks */,
				AAFBAC4427FC61E200158790 /* Resources */,
			);
			buildRules = (
			);
			dependencies = (
			);
			name = Landmarks;
			productName = Landmarks;
			productReference = AAFBAC4627FC61E200158790 /* Landmarks.app */;
			productType = "com.apple.product-type.application";
		};
/* End PBXNativeTarget section */

/* Begin PBXProject section */
		AAFBAC3E27FC61E200158790 /* Project object */ = {
			isa = PBXProject;
			attributes = {
				BuildIndependentTargetsInParallel = 1;
				LastSwiftUpdateCheck = 1330;
				LastUpgradeCheck = 1330;
				TargetAttributes = {
					AAFBAC4527FC61E200158790 = {
						CreatedOnToolsVersion = 13.3;
					};
				};
			};
			buildConfigurationList = AAFBAC4127FC61E200158790 /* Build configuration list for PBXProject "Landmarks" */;
			compatibilityVersion = "Xcode 13.0";
			developmentRegion = en;
			hasScannedForEncodings = 0;
			knownRegions = (
				en,
				Base,
			);
			mainGroup = AAFBAC3D27FC61E200158790;
			productRefGroup = AAFBAC4727FC61E200158790 /* Products */;
			projectDirPath = "";
			projectRoot = "";
			targets = (
				AAFBAC4527FC61E200158790 /* Landmarks */,
			);
		};
/* End PBXProject section */

/* Begin PBXResourcesBuildPhase section */
		AAFBAC4427FC61E200158790 /* Resources */ = {
			isa = PBXResourcesBuildPhase;
			buildActionMask = 2147483647;
			files = (
				AAFBAC5127FC61E300158790 /* Preview Assets.xcassets in Resources */,
				AAFBAC4E27FC61E300158790 /* Assets.xcassets in Resources */,
				AAB750AB27FC6EF8003B7A60 /* landmarkData.json in Resources */,
			);
			runOnlyForDeploymentPostprocessing = 0;
		};
/* End PBXResourcesBuildPhase section */

/* Begin PBXSourcesBuildPhase section */
		AAFBAC4227FC61E200158790 /* Sources */ = {
			isa = PBXSourcesBuildPhase;
			buildActionMask = 2147483647;
			files = (
				AAFBAC4C27FC61E200158790 /* ContentView.swift in Sources */,
				AAFBAC5A27FC65FF00158790 /* MapView.swift in Sources */,
				AAFBAC4A27FC61E200158790 /* LandmarksApp.swift in Sources */,
				AAB750BA27FC7FA6003B7A60 /* FavoriteButton.swift in Sources */,
				AAB750B627FC72C4003B7A60 /* LandmarkList.swift in Sources */,
				AAB750B827FC73C9003B7A60 /* LandmarkDetail.swift in Sources */,
				AAFBAC5827FC652B00158790 /* CircleImage.swift in Sources */,
				AAB750AD27FC6F31003B7A60 /* Landmark.swift in Sources */,
				AAB750B427FC712E003B7A60 /* LandmarkRow.swift in Sources */,
				AAB750AF27FC7048003B7A60 /* ModelData.swift in Sources */,
			);
			runOnlyForDeploymentPostprocessing = 0;
		};
/* End PBXSourcesBuildPhase section */

/* Begin XCBuildConfiguration section */
		AAFBAC5227FC61E300158790 /* Debug */ = {
			isa = XCBuildConfiguration;
			buildSettings = {
				ALWAYS_SEARCH_USER_PATHS = NO;
				CLANG_ANALYZER_NONNULL = YES;
				CLANG_ANALYZER_NUMBER_OBJECT_CONVERSION = YES_AGGRESSIVE;
				CLANG_CXX_LANGUAGE_STANDARD = "gnu++17";
				CLANG_ENABLE_MODULES = YES;
				CLANG_ENABLE_OBJC_ARC = YES;
				CLANG_ENABLE_OBJC_WEAK = YES;
				CLANG_WARN_BLOCK_CAPTURE_AUTORELEASING = YES;
				CLANG_WARN_BOOL_CONVERSION = YES;
				CLANG_WARN_COMMA = YES;
				CLANG_WARN_CONSTANT_CONVERSION = YES;
				CLANG_WARN_DEPRECATED_OBJC_IMPLEMENTATIONS = YES;
				CLANG_WARN_DIRECT_OBJC_ISA_USAGE = YES_ERROR;
				CLANG_WARN_DOCUMENTATION_COMMENTS = YES;
				CLANG_WARN_EMPTY_BODY = YES;
				CLANG_WARN_ENUM_CONVERSION = YES;
				CLANG_WARN_INFINITE_RECURSION = YES;
				CLANG_WARN_INT_CONVERSION = YES;
				CLANG_WARN_NON_LITERAL_NULL_CONVERSION = YES;
				CLANG_WARN_OBJC_IMPLICIT_RETAIN_SELF = YES;
				CLANG_WARN_OBJC_LITERAL_CONVERSION = YES;
				CLANG_WARN_OBJC_ROOT_CLASS = YES_ERROR;
				CLANG_WARN_QUOTED_INCLUDE_IN_FRAMEWORK_HEADER = YES;
				CLANG_WARN_RANGE_LOOP_ANALYSIS = YES;
				CLANG_WARN_STRICT_PROTOTYPES = YES;
				CLANG_WARN_SUSPICIOUS_MOVE = YES;
				CLANG_WARN_UNGUARDED_AVAILABILITY = YES_AGGRESSIVE;
				CLANG_WARN_UNREACHABLE_CODE = YES;
				CLANG_WARN__DUPLICATE_METHOD_MATCH = YES;
				COPY_PHASE_STRIP = NO;
				DEBUG_INFORMATION_FORMAT = dwarf;
				ENABLE_STRICT_OBJC_MSGSEND = YES;
				ENABLE_TESTABILITY = YES;
				GCC_C_LANGUAGE_STANDARD = gnu11;
				GCC_DYNAMIC_NO_PIC = NO;
				GCC_NO_COMMON_BLOCKS = YES;
				GCC_OPTIMIZATION_LEVEL = 0;
				GCC_PREPROCESSOR_DEFINITIONS = (
					"DEBUG=1",
					"$(inherited)",
				);
				GCC_WARN_64_TO_32_BIT_CONVERSION = YES;
				GCC_WARN_ABOUT_RETURN_TYPE = YES_ERROR;
				GCC_WARN_UNDECLARED_SELECTOR = YES;
				GCC_WARN_UNINITIALIZED_AUTOS = YES_AGGRESSIVE;
				GCC_WARN_UNUSED_FUNCTION = YES;
				GCC_WARN_UNUSED_VARIABLE = YES;
				IPHONEOS_DEPLOYMENT_TARGET = 15.4;
				MTL_ENABLE_DEBUG_INFO = INCLUDE_SOURCE;
				MTL_FAST_MATH = YES;
				ONLY_ACTIVE_ARCH = YES;
				SDKROOT = iphoneos;
				SWIFT_ACTIVE_COMPILATION_CONDITIONS = DEBUG;
				SWIFT_OPTIMIZATION_LEVEL = "-Onone";
			};
			name = Debug;
		};
		AAFBAC5327FC61E300158790 /* Release */ = {
			isa = XCBuildConfiguration;
			buildSettings = {
				ALWAYS_SEARCH_USER_PATHS = NO;
				CLANG_ANALYZER_NONNULL = YES;
				CLANG_ANALYZER_NUMBER_OBJECT_CONVERSION = YES_AGGRESSIVE;
				CLANG_CXX_LANGUAGE_STANDARD = "gnu++17";
				CLANG_ENABLE_MODULES = YES;
				CLANG_ENABLE_OBJC_ARC = YES;
				CLANG_ENABLE_OBJC_WEAK = YES;
				CLANG_WARN_BLOCK_CAPTURE_AUTORELEASING = YES;
				CLANG_WARN_BOOL_CONVERSION = YES;
				CLANG_WARN_COMMA = YES;
				CLANG_WARN_CONSTANT_CONVERSION = YES;
				CLANG_WARN_DEPRECATED_OBJC_IMPLEMENTATIONS = YES;
				CLANG_WARN_DIRECT_OBJC_ISA_USAGE = YES_ERROR;
				CLANG_WARN_DOCUMENTATION_COMMENTS = YES;
				CLANG_WARN_EMPTY_BODY = YES;
				CLANG_WARN_ENUM_CONVERSION = YES;
				CLANG_WARN_INFINITE_RECURSION = YES;
				CLANG_WARN_INT_CONVERSION = YES;
				CLANG_WARN_NON_LITERAL_NULL_CONVERSION = YES;
				CLANG_WARN_OBJC_IMPLICIT_RETAIN_SELF = YES;
				CLANG_WARN_OBJC_LITERAL_CONVERSION = YES;
				CLANG_WARN_OBJC_ROOT_CLASS = YES_ERROR;
				CLANG_WARN_QUOTED_INCLUDE_IN_FRAMEWORK_HEADER = YES;
				CLANG_WARN_RANGE_LOOP_ANALYSIS = YES;
				CLANG_WARN_STRICT_PROTOTYPES = YES;
				CLANG_WARN_SUSPICIOUS_MOVE = YES;
				CLANG_WARN_UNGUARDED_AVAILABILITY = YES_AGGRESSIVE;
				CLANG_WARN_UNREACHABLE_CODE = YES;
				CLANG_WARN__DUPLICATE_METHOD_MATCH = YES;
				COPY_PHASE_STRIP = NO;
				DEBUG_INFORMATION_FORMAT = "dwarf-with-dsym";
				ENABLE_NS_ASSERTIONS = NO;
				ENABLE_STRICT_OBJC_MSGSEND = YES;
				GCC_C_LANGUAGE_STANDARD = gnu11;
				GCC_NO_COMMON_BLOCKS = YES;
				GCC_WARN_64_TO_32_BIT_CONVERSION = YES;
				GCC_WARN_ABOUT_RETURN_TYPE = YES_ERROR;
				GCC_WARN_UNDECLARED_SELECTOR = YES;
				GCC_WARN_UNINITIALIZED_AUTOS = YES_AGGRESSIVE;
				GCC_WARN_UNUSED_FUNCTION = YES;
				GCC_WARN_UNUSED_VARIABLE = YES;
				IPHONEOS_DEPLOYMENT_TARGET = 15.4;
				MTL_ENABLE_DEBUG_INFO = NO;
				MTL_FAST_MATH = YES;
				SDKROOT = iphoneos;
				SWIFT_COMPILATION_MODE = wholemodule;
				SWIFT_OPTIMIZATION_LEVEL = "-O";
				VALIDATE_PRODUCT = YES;
			};
			name = Release;
		};
		AAFBAC5527FC61E300158790 /* Debug */ = {
			isa = XCBuildConfiguration;
			buildSettings = {
				ASSETCATALOG_COMPILER_APPICON_NAME = AppIcon;
				ASSETCATALOG_COMPILER_GLOBAL_ACCENT_COLOR_NAME = AccentColor;
				CODE_SIGN_STYLE = Automatic;
				CURRENT_PROJECT_VERSION = 1;
				DEVELOPMENT_ASSET_PATHS = "\"Landmarks/Preview Content\"";
				ENABLE_PREVIEWS = YES;
				GENERATE_INFOPLIST_FILE = YES;
				INFOPLIST_KEY_UIApplicationSceneManifest_Generation = YES;
				INFOPLIST_KEY_UIApplicationSupportsIndirectInputEvents = YES;
				INFOPLIST_KEY_UILaunchScreen_Generation = YES;
				INFOPLIST_KEY_UISupportedInterfaceOrientations_iPad = "UIInterfaceOrientationPortrait UIInterfaceOrientationPortraitUpsideDown UIInterfaceOrientationLandscapeLeft UIInterfaceOrientationLandscapeRight";
				INFOPLIST_KEY_UISupportedInterfaceOrientations_iPhone = "UIInterfaceOrientationPortrait UIInterfaceOrientationLandscapeLeft UIInterfaceOrientationLandscapeRight";
				LD_RUNPATH_SEARCH_PATHS = (
					"$(inherited)",
					"@executable_path/Frameworks",
				);
				MARKETING_VERSION = 1.0;
				PRODUCT_BUNDLE_IDENTIFIER = ch.marcoforster.Landmarks;
				PRODUCT_NAME = "$(TARGET_NAME)";
				SWIFT_EMIT_LOC_STRINGS = YES;
				SWIFT_VERSION = 5.0;
				TARGETED_DEVICE_FAMILY = "1,2";
			};
			name = Debug;
		};
		AAFBAC5627FC61E300158790 /* Release */ = {
			isa = XCBuildConfiguration;
			buildSettings = {
				ASSETCATALOG_COMPILER_APPICON_NAME = AppIcon;
				ASSETCATALOG_COMPILER_GLOBAL_ACCENT_COLOR_NAME = AccentColor;
				CODE_SIGN_STYLE = Automatic;
				CURRENT_PROJECT_VERSION = 1;
				DEVELOPMENT_ASSET_PATHS = "\"Landmarks/Preview Content\"";
				ENABLE_PREVIEWS = YES;
				GENERATE_INFOPLIST_FILE = YES;
				INFOPLIST_KEY_UIApplicationSceneManifest_Generation = YES;
				INFOPLIST_KEY_UIApplicationSupportsIndirectInputEvents = YES;
				INFOPLIST_KEY_UILaunchScreen_Generation = YES;
				INFOPLIST_KEY_UISupportedInterfaceOrientations_iPad = "UIInterfaceOrientationPortrait UIInterfaceOrientationPortraitUpsideDown UIInterfaceOrientationLandscapeLeft UIInterfaceOrientationLandscapeRight";
				INFOPLIST_KEY_UISupportedInterfaceOrientations_iPhone = "UIInterfaceOrientationPortrait UIInterfaceOrientationLandscapeLeft UIInterfaceOrientationLandscapeRight";
				LD_RUNPATH_SEARCH_PATHS = (
					"$(inherited)",
					"@executable_path/Frameworks",
				);
				MARKETING_VERSION = 1.0;
				PRODUCT_BUNDLE_IDENTIFIER = ch.marcoforster.Landmarks;
				PRODUCT_NAME = "$(TARGET_NAME)";
				SWIFT_EMIT_LOC_STRINGS = YES;
				SWIFT_VERSION = 5.0;
				TARGETED_DEVICE_FAMILY = "1,2";
			};
			name = Release;
		};
/* End XCBuildConfiguration section */

/* Begin XCConfigurationList section */
		AAFBAC4127FC61E200158790 /* Build configuration list for PBXProject "Landmarks" */ = {
			isa = XCConfigurationList;
			buildConfigurations = (
				AAFBAC5227FC61E300158790 /* Debug */,
				AAFBAC5327FC61E300158790 /* Release */,
			);
			defaultConfigurationIsVisible = 0;
			defaultConfigurationName = Release;
		};
		AAFBAC5427FC61E300158790 /* Build configuration list for PBXNativeTarget "Landmarks" */ = {
			isa = XCConfigurationList;
			buildConfigurations = (
				AAFBAC5527FC61E300158790 /* Debug */,
				AAFBAC5627FC61E300158790 /* Release */,
			);
			defaultConfigurationIsVisible = 0;
			defaultConfigurationName = Release;
		};
/* End XCConfigurationList section */
	};
	rootObject = AAFBAC3E27FC61E200158790 /* Project object */;
}
